
Microsoft Visual Studio Solution File, Format Version 10.00
# Visual Studio 2008
Project("{FAE04EC0-301F-11D3-BF4B-00C04F79EFBC}") = "StudentTracking.Data", "StudentTracking.Data\StudentTracking.Data.csproj", "{41B15876-653D-4889-804A-07354081AAC6}"
EndProject
Project("{FAE04EC0-301F-11D3-BF4B-00C04F79EFBC}") = "StudentTracking.Web", "StudentTracking.Web\StudentTracking.Web.csproj", "{01005D98-8902-4685-BDA0-146D6DA096C6}"
EndProject
Project("{FAE04EC0-301F-11D3-BF4B-00C04F79EFBC}") = "StudentTracking.Web.Tests", "StudentTracking.Web.Tests\StudentTracking.Web.Tests.csproj", "{2D727B2D-AA74-4939-A329-E63D711DF230}"
EndProject
Project("{2150E333-8FDC-42A3-9474-1A3956D46DE8}") = "Solution Items", "Solution Items", "{A2835AB9-2006-442C-BA79-01669A28A84F}"
	ProjectSection(SolutionItems) = preProject
		StudentTracking.vsmdi = StudentTracking.vsmdi
	EndProjectSection
EndProject
Global
	GlobalSection(TestCaseManagementSettings) = postSolution
		CategoryFile = StudentTracking.vsmdi
	EndGlobalSection
	GlobalSection(SolutionConfigurationPlatforms) = preSolution
		Debug|Any CPU = Debug|Any CPU
		Release|Any CPU = Release|Any CPU
	EndGlobalSection
	GlobalSection(ProjectConfigurationPlatforms) = postSolution
		{41B15876-653D-4889-804A-07354081AAC6}.Debug|Any CPU.ActiveCfg = Debug|Any CPU
		{41B15876-653D-4889-804A-07354081AAC6}.Debug|Any CPU.Build.0 = Debug|Any CPU
		{41B15876-653D-4889-804A-07354081AAC6}.Release|Any CPU.ActiveCfg = Release|Any CPU
		{41B15876-653D-4889-804A-07354081AAC6}.Release|Any CPU.Build.0 = Release|Any CPU
		{01005D98-8902-4685-BDA0-146D6DA096C6}.Debug|Any CPU.ActiveCfg = Debug|Any CPU
		{01005D98-8902-4685-BDA0-146D6DA096C6}.Debug|Any CPU.Build.0 = Debug|Any CPU
		{01005D98-8902-4685-BDA0-146D6DA096C6}.Release|Any CPU.ActiveCfg = Release|Any CPU
		{01005D98-8902-4685-BDA0-146D6DA096C6}.Release|Any CPU.Build.0 = Release|Any CPU
		{2D727B2D-AA74-4939-A329-E63D711DF230}.Debug|Any CPU.ActiveCfg = Debug|Any CPU
		{2D727B2D-AA74-4939-A329-E63D711DF230}.Debug|Any CPU.Build.0 = Debug|Any CPU
		{2D727B2D-AA74-4939-A329-E63D711DF230}.Release|Any CPU.ActiveCfg = Release|Any CPU
		{2D727B2D-AA74-4939-A329-E63D711DF230}.Release|Any CPU.Build.0 = Release|Any CPU
	EndGlobalSection
	GlobalSection(SolutionProperties) = preSolution
		HideSolutionNode = FALSE
	EndGlobalSection
EndGlobal
